<?xml version="1.0" encoding="utf-8"?>
<Project ToolsVersion="4.0" xmlns="http://schemas.microsoft.com/developer/msbuild/2003">
  <ItemGroup>
    <Filter Include="Source Files">
      <UniqueIdentifier>{4FC737F1-C7A5-4376-A066-2A32D752A2FF}</UniqueIdentifier>
      <Extensions>cpp;c;cc;cxx;def;odl;idl;hpj;bat;asm;asmx</Extensions>
    </Filter>
    <Filter Include="Header Files">
      <UniqueIdentifier>{93995380-89BD-4b04-88EB-625FBE52EBFB}</UniqueIdentifier>
      <Extensions>h;hh;hpp;hxx;hm;inl;inc;xsd</Extensions>
    </Filter>
    <Filter Include="Resource Files">
      <UniqueIdentifier>{67DA6AB6-F800-4c08-8B7A-83BB121AAD01}</UniqueIdentifier>
      <Extensions>rc;ico;cur;bmp;dlg;rc2;rct;bin;rgs;gif;jpg;jpeg;jpe;resx;tiff;tif;png;wav;mfcribbon-ms</Extensions>
    </Filter>
    <Filter Include="AES">
      <UniqueIdentifier>{c52d18b7-8bf0-4fce-8b18-36b11349fc1b}</UniqueIdentifier>
    </Filter>
    <Filter Include="BEA">
      <UniqueIdentifier>{6311f63d-6a5f-4baa-bb8c-2275beeb324d}</UniqueIdentifier>
    </Filter>
  </ItemGroup>
  <ItemGroup>
    <ClCompile Include="main.cpp">
      <Filter>Source Files</Filter>
    </ClCompile>
    <ClCompile Include="PEFile.cpp">
      <Filter>Source Files</Filter>
    </ClCompile>
    <ClCompile Include="aes\aeskey.c">
      <Filter>AES</Filter>
    </ClCompile>
    <ClCompile Include="aes\aestab.c">
      <Filter>AES</Filter>
    </ClCompile>
    <ClCompile Include="aes\aes_modes.c">
      <Filter>AES</Filter>
    </ClCompile>
    <ClCompile Include="aes\aes_ni.c">
      <Filter>AES</Filter>
    </ClCompile>
    <ClCompile Include="aes\aescrypt.c">
      <Filter>AES</Filter>
    </ClCompile>
  </ItemGroup>
  <ItemGroup>
    <ClInclude Include="Utils.h">
      <Filter>Header Files</Filter>
    </ClInclude>
    <ClInclude Include="PEFile.h">
      <Filter>Header Files</Filter>
    </ClInclude>
    <ClInclude Include="SteamStub32_Variant3.h">
      <Filter>Header Files</Filter>
    </ClInclude>
    <ClInclude Include="aes\aesopt.h">
      <Filter>AES</Filter>
    </ClInclude>
    <ClInclude Include="aes\aestab.h">
      <Filter>AES</Filter>
    </ClInclude>
    <ClInclude Include="aes\brg_endian.h">
      <Filter>AES</Filter>
    </ClInclude>
    <ClInclude Include="aes\brg_types.h">
      <Filter>AES</Filter>
    </ClInclude>
    <ClInclude Include="aes\aes.h">
      <Filter>AES</Filter>
    </ClInclude>
    <ClInclude Include="aes\aes_ni.h">
      <Filter>AES</Filter>
    </ClInclude>
    <ClInclude Include="aes\aes_via_ace.h">
      <Filter>AES</Filter>
    </ClInclude>
    <ClInclude Include="bea\Includes\basic_types.h">
      <Filter>BEA</Filter>
    </ClInclude>
    <ClInclude Include="bea\Includes\export.h">
      <Filter>BEA</Filter>
    </ClInclude>
    <ClInclude Include="bea\BeaEngine.h">
      <Filter>BEA</Filter>
    </ClInclude>
    <ClInclude Include="SteamStub32_Variant2.h">
      <Filter>Header Files</Filter>
    </ClInclude>
  </ItemGroup>
</Project>